
Microsoft Visual Studio Solution File, Format Version 12.00
# Visual Studio Version 16
VisualStudioVersion = 16.0.31019.35
MinimumVisualStudioVersion = 10.0.40219.1
Project("{2150E333-8FDC-42A3-9474-1A3956D46DE8}") = "Solution Items", "Solution Items", "{5632BF3D-22A6-4275-AC76-C36AAC28FE55}"
	ProjectSection(SolutionItems) = preProject
		.gitignore = .gitignore
	EndProjectSection
EndProject
Project("{9A19103F-16F7-4668-BE54-9A1E7A4F7556}") = "Warehouse.Infrastructure.DataAccess", "Warehouse.Infrastructure.DataAccess\Warehouse.Infrastructure.DataAccess.csproj", "{6C526D0B-7974-47CF-904B-3EA76B58271F}"
EndProject
Project("{9A19103F-16F7-4668-BE54-9A1E7A4F7556}") = "Warehouse.Core", "Warehouse.Core\Warehouse.Core.csproj", "{B49BBC51-3148-4CD5-A43D-CDDB8640A89E}"
EndProject
Project("{9A19103F-16F7-4668-BE54-9A1E7A4F7556}") = "Warehouse.Web", "Warehouse.Web\Warehouse.Web.csproj", "{9316F6F2-0438-48BE-8214-50F6792FB865}"
EndProject
Project("{9A19103F-16F7-4668-BE54-9A1E7A4F7556}") = "Warehouse.Core.UnitTests", "Warehouse.Core.UnitTests\Warehouse.Core.UnitTests.csproj", "{01922A6F-B526-4C18-ACAF-87C89FA630E5}"
EndProject
Project("{FAE04EC0-301F-11D3-BF4B-00C04F79EFBC}") = "Warehouse.Api", "Warehouse.Api\Warehouse.Api.csproj", "{C222D214-3F69-4C10-8804-7EF615ABB79A}"
EndProject
Project("{FAE04EC0-301F-11D3-BF4B-00C04F79EFBC}") = "Warehouse.Web.UnitTests", "Warehouse.Web.UnitTests\Warehouse.Web.UnitTests.csproj", "{15FDA35A-6E81-4D54-BF13-6F5B8129BFC1}"
EndProject
Global
	GlobalSection(SolutionConfigurationPlatforms) = preSolution
		Debug|Any CPU = Debug|Any CPU
		Release|Any CPU = Release|Any CPU
	EndGlobalSection
	GlobalSection(ProjectConfigurationPlatforms) = postSolution
		{6C526D0B-7974-47CF-904B-3EA76B58271F}.Debug|Any CPU.ActiveCfg = Debug|Any CPU
		{6C526D0B-7974-47CF-904B-3EA76B58271F}.Debug|Any CPU.Build.0 = Debug|Any CPU
		{6C526D0B-7974-47CF-904B-3EA76B58271F}.Release|Any CPU.ActiveCfg = Release|Any CPU
		{6C526D0B-7974-47CF-904B-3EA76B58271F}.Release|Any CPU.Build.0 = Release|Any CPU
		{B49BBC51-3148-4CD5-A43D-CDDB8640A89E}.Debug|Any CPU.ActiveCfg = Debug|Any CPU
		{B49BBC51-3148-4CD5-A43D-CDDB8640A89E}.Debug|Any CPU.Build.0 = Debug|Any CPU
		{B49BBC51-3148-4CD5-A43D-CDDB8640A89E}.Release|Any CPU.ActiveCfg = Release|Any CPU
		{B49BBC51-3148-4CD5-A43D-CDDB8640A89E}.Release|Any CPU.Build.0 = Release|Any CPU
		{9316F6F2-0438-48BE-8214-50F6792FB865}.Debug|Any CPU.ActiveCfg = Debug|Any CPU
		{9316F6F2-0438-48BE-8214-50F6792FB865}.Debug|Any CPU.Build.0 = Debug|Any CPU
		{9316F6F2-0438-48BE-8214-50F6792FB865}.Release|Any CPU.ActiveCfg = Release|Any CPU
		{9316F6F2-0438-48BE-8214-50F6792FB865}.Release|Any CPU.Build.0 = Release|Any CPU
		{01922A6F-B526-4C18-ACAF-87C89FA630E5}.Debug|Any CPU.ActiveCfg = Debug|Any CPU
		{01922A6F-B526-4C18-ACAF-87C89FA630E5}.Debug|Any CPU.Build.0 = Debug|Any CPU
		{01922A6F-B526-4C18-ACAF-87C89FA630E5}.Release|Any CPU.ActiveCfg = Release|Any CPU
		{01922A6F-B526-4C18-ACAF-87C89FA630E5}.Release|Any CPU.Build.0 = Release|Any CPU
		{C222D214-3F69-4C10-8804-7EF615ABB79A}.Debug|Any CPU.ActiveCfg = Debug|Any CPU
		{C222D214-3F69-4C10-8804-7EF615ABB79A}.Debug|Any CPU.Build.0 = Debug|Any CPU
		{C222D214-3F69-4C10-8804-7EF615ABB79A}.Release|Any CPU.ActiveCfg = Release|Any CPU
		{C222D214-3F69-4C10-8804-7EF615ABB79A}.Release|Any CPU.Build.0 = Release|Any CPU
		{15FDA35A-6E81-4D54-BF13-6F5B8129BFC1}.Debug|Any CPU.ActiveCfg = Debug|Any CPU
		{15FDA35A-6E81-4D54-BF13-6F5B8129BFC1}.Debug|Any CPU.Build.0 = Debug|Any CPU
		{15FDA35A-6E81-4D54-BF13-6F5B8129BFC1}.Release|Any CPU.ActiveCfg = Release|Any CPU
		{15FDA35A-6E81-4D54-BF13-6F5B8129BFC1}.Release|Any CPU.Build.0 = Release|Any CPU
	EndGlobalSection
	GlobalSection(SolutionProperties) = preSolution
		HideSolutionNode = FALSE
	EndGlobalSection
	GlobalSection(ExtensibilityGlobals) = postSolution
		SolutionGuid = {9A2DD4A9-22F0-4B7B-A7E1-2248C417E475}
	EndGlobalSection
EndGlobal
