
Microsoft Visual Studio Solution File, Format Version 12.00
# Visual Studio Version 16
VisualStudioVersion = 16.0.31019.35
MinimumVisualStudioVersion = 10.0.40219.1
Project("{9A19103F-16F7-4668-BE54-9A1E7A4F7556}") = "Warehouse.WebMvc", "Warehouse.WebMvc\Warehouse.WebMvc.csproj", "{D65393DE-DA91-4512-95F3-858508EFFD09}"
EndProject
Project("{2150E333-8FDC-42A3-9474-1A3956D46DE8}") = "Solution Items", "Solution Items", "{5632BF3D-22A6-4275-AC76-C36AAC28FE55}"
	ProjectSection(SolutionItems) = preProject
		.gitignore = .gitignore
	EndProjectSection
EndProject
Global
	GlobalSection(SolutionConfigurationPlatforms) = preSolution
		Debug|Any CPU = Debug|Any CPU
		Release|Any CPU = Release|Any CPU
	EndGlobalSection
	GlobalSection(ProjectConfigurationPlatforms) = postSolution
		{D65393DE-DA91-4512-95F3-858508EFFD09}.Debug|Any CPU.ActiveCfg = Debug|Any CPU
		{D65393DE-DA91-4512-95F3-858508EFFD09}.Debug|Any CPU.Build.0 = Debug|Any CPU
		{D65393DE-DA91-4512-95F3-858508EFFD09}.Release|Any CPU.ActiveCfg = Release|Any CPU
		{D65393DE-DA91-4512-95F3-858508EFFD09}.Release|Any CPU.Build.0 = Release|Any CPU
	EndGlobalSection
	GlobalSection(SolutionProperties) = preSolution
		HideSolutionNode = FALSE
	EndGlobalSection
	GlobalSection(ExtensibilityGlobals) = postSolution
		SolutionGuid = {9A2DD4A9-22F0-4B7B-A7E1-2248C417E475}
	EndGlobalSection
EndGlobal
